
Microsoft Visual Studio Solution File, Format Version 12.00
# Visual Studio Version 17
VisualStudioVersion = 17.2.32526.322
MinimumVisualStudioVersion = 10.0.40219.1
Project("{FAE04EC0-301F-11D3-BF4B-00C04F79EFBC}") = "Exercicio_Aula_06", "Exercicio_Aula_06\Exercicio_Aula_06.csproj", "{07A7C52B-8FE5-4F27-947B-8BA68153A737}"
EndProject
Project("{FAE04EC0-301F-11D3-BF4B-00C04F79EFBC}") = "Exercicio_Aula_07", "Exercicio_Aula_07\Exercicio_Aula_07.csproj", "{72B448B0-58AC-4F94-8B15-68F31A2E52DE}"
EndProject
Project("{FAE04EC0-301F-11D3-BF4B-00C04F79EFBC}") = "Exercicio_Aula_08", "Exercicio_Aula_08\Exercicio_Aula_08.csproj", "{43B07530-8811-47F1-A6BD-71F34BCA7AC6}"
EndProject
Project("{FAE04EC0-301F-11D3-BF4B-00C04F79EFBC}") = "Exercicio_Aula_09", "Exercicio_Aula_09\Exercicio_Aula_09.csproj", "{0A20C525-B78D-495A-97C7-D3CE168399EB}"
EndProject
Global
	GlobalSection(SolutionConfigurationPlatforms) = preSolution
		Debug|Any CPU = Debug|Any CPU
		Release|Any CPU = Release|Any CPU
	EndGlobalSection
	GlobalSection(ProjectConfigurationPlatforms) = postSolution
		{07A7C52B-8FE5-4F27-947B-8BA68153A737}.Debug|Any CPU.ActiveCfg = Debug|Any CPU
		{07A7C52B-8FE5-4F27-947B-8BA68153A737}.Debug|Any CPU.Build.0 = Debug|Any CPU
		{07A7C52B-8FE5-4F27-947B-8BA68153A737}.Release|Any CPU.ActiveCfg = Release|Any CPU
		{07A7C52B-8FE5-4F27-947B-8BA68153A737}.Release|Any CPU.Build.0 = Release|Any CPU
		{72B448B0-58AC-4F94-8B15-68F31A2E52DE}.Debug|Any CPU.ActiveCfg = Debug|Any CPU
		{72B448B0-58AC-4F94-8B15-68F31A2E52DE}.Debug|Any CPU.Build.0 = Debug|Any CPU
		{72B448B0-58AC-4F94-8B15-68F31A2E52DE}.Release|Any CPU.ActiveCfg = Release|Any CPU
		{72B448B0-58AC-4F94-8B15-68F31A2E52DE}.Release|Any CPU.Build.0 = Release|Any CPU
		{43B07530-8811-47F1-A6BD-71F34BCA7AC6}.Debug|Any CPU.ActiveCfg = Debug|Any CPU
		{43B07530-8811-47F1-A6BD-71F34BCA7AC6}.Debug|Any CPU.Build.0 = Debug|Any CPU
		{43B07530-8811-47F1-A6BD-71F34BCA7AC6}.Release|Any CPU.ActiveCfg = Release|Any CPU
		{43B07530-8811-47F1-A6BD-71F34BCA7AC6}.Release|Any CPU.Build.0 = Release|Any CPU
		{0A20C525-B78D-495A-97C7-D3CE168399EB}.Debug|Any CPU.ActiveCfg = Debug|Any CPU
		{0A20C525-B78D-495A-97C7-D3CE168399EB}.Debug|Any CPU.Build.0 = Debug|Any CPU
		{0A20C525-B78D-495A-97C7-D3CE168399EB}.Release|Any CPU.ActiveCfg = Release|Any CPU
		{0A20C525-B78D-495A-97C7-D3CE168399EB}.Release|Any CPU.Build.0 = Release|Any CPU
	EndGlobalSection
	GlobalSection(SolutionProperties) = preSolution
		HideSolutionNode = FALSE
	EndGlobalSection
	GlobalSection(ExtensibilityGlobals) = postSolution
		SolutionGuid = {35EE5AE2-8927-4E0E-8229-4C57841DD2DF}
	EndGlobalSection
EndGlobal
